{
  "nodes": {
    "flakever": {
      "locked": {
        "lastModified": 1763450705,
        "narHash": "sha256-TUSrRfT76OAXty9A4fXlOOfVfJGDglFQs06b8b+f5NY=",
        "owner": "numinit",
        "repo": "flakever",
        "rev": "a69629e4133fbcdf3c7aae477bd6687bb19e0778",
        "type": "github"
      },
      "original": {
        "owner": "numinit",
        "repo": "flakever",
        "type": "github"
      }
    },
    "nixpkgs": {
      "locked": {
        "lastModified": 1786586235,
        "narHash": "sha256-D/nFZRIuYifUsHDjLg/gVBdrd33IJs2OWGozvO43J+A=",
        "owner": "NixOS",
        "repo": "nixpkgs",
        "rev": "9dc387f65ba60f2c45676fac8fbec8c379fc5d32",
        "type": "github"
      },
      "original": {
        "owner": "NixOS",
        "repo": "nixpkgs",
        "type": "github"
      }
    },
    "root": {
      "inputs": {
        "flakever": "flakever",
        "nixpkgs": "nixpkgs",
        "treefmt-nix": "treefmt-nix"
      }
    },
    "treefmt-nix": {
      "inputs": {
        "nixpkgs": [
          "nixpkgs"
        ]
      },
      "locked": {
        "lastModified": 1785945821,
        "narHash": "sha256-NLSyTCW4K4ofhNBllt3omPasm6QpralXH1DBZOc91Dw=",
        "owner": "numtide",
        "repo": "treefmt-nix",
        "rev": "ae7910970dddc408fe6ab1c8e4b277bb21d72dc0",
        "type": "github"
      },
      "original": {
        "owner": "numtide",
        "repo": "treefmt-nix",
        "type": "github"
      }
    }
  },
  "root": "root",
  "version": 7
}
